
Microsoft Visual Studio Solution File, Format Version 12.00
# Visual Studio Version 16
VisualStudioVersion = 16.0.31515.178
MinimumVisualStudioVersion = 10.0.40219.1
Project("{FAE04EC0-301F-11D3-BF4B-00C04F79EFBC}") = "Hashtable_Challenge", "Hashtable_Challenge.csproj", "{E9823187-F985-4C63-BC02-FAE023A7B353}"
EndProject
Global
	GlobalSection(SolutionConfigurationPlatforms) = preSolution
		Debug|Any CPU = Debug|Any CPU
		Release|Any CPU = Release|Any CPU
	EndGlobalSection
	GlobalSection(ProjectConfigurationPlatforms) = postSolution
		{E9823187-F985-4C63-BC02-FAE023A7B353}.Debug|Any CPU.ActiveCfg = Debug|Any CPU
		{E9823187-F985-4C63-BC02-FAE023A7B353}.Debug|Any CPU.Build.0 = Debug|Any CPU
		{E9823187-F985-4C63-BC02-FAE023A7B353}.Release|Any CPU.ActiveCfg = Release|Any CPU
		{E9823187-F985-4C63-BC02-FAE023A7B353}.Release|Any CPU.Build.0 = Release|Any CPU
	EndGlobalSection
	GlobalSection(SolutionProperties) = preSolution
		HideSolutionNode = FALSE
	EndGlobalSection
	GlobalSection(ExtensibilityGlobals) = postSolution
		SolutionGuid = {17584AC2-13CC-490D-85A1-D6FE445BDE77}
	EndGlobalSection
EndGlobal
