
Microsoft Visual Studio Solution File, Format Version 12.00
# Visual Studio Version 16
VisualStudioVersion = 16.0.31515.178
MinimumVisualStudioVersion = 10.0.40219.1
Project("{FAE04EC0-301F-11D3-BF4B-00C04F79EFBC}") = "Dictionaries", "Dictionaries.csproj", "{EAA0684F-19F8-4268-8988-7089C58DC270}"
EndProject
Global
	GlobalSection(SolutionConfigurationPlatforms) = preSolution
		Debug|Any CPU = Debug|Any CPU
		Release|Any CPU = Release|Any CPU
	EndGlobalSection
	GlobalSection(ProjectConfigurationPlatforms) = postSolution
		{EAA0684F-19F8-4268-8988-7089C58DC270}.Debug|Any CPU.ActiveCfg = Debug|Any CPU
		{EAA0684F-19F8-4268-8988-7089C58DC270}.Debug|Any CPU.Build.0 = Debug|Any CPU
		{EAA0684F-19F8-4268-8988-7089C58DC270}.Release|Any CPU.ActiveCfg = Release|Any CPU
		{EAA0684F-19F8-4268-8988-7089C58DC270}.Release|Any CPU.Build.0 = Release|Any CPU
	EndGlobalSection
	GlobalSection(SolutionProperties) = preSolution
		HideSolutionNode = FALSE
	EndGlobalSection
	GlobalSection(ExtensibilityGlobals) = postSolution
		SolutionGuid = {6D9CD7DC-9017-44BF-9CA1-C6BD907BEA84}
	EndGlobalSection
EndGlobal
