
Microsoft Visual Studio Solution File, Format Version 12.00
# Visual Studio Version 16
VisualStudioVersion = 16.0.31105.61
MinimumVisualStudioVersion = 10.0.40219.1
Project("{FAE04EC0-301F-11D3-BF4B-00C04F79EFBC}") = "Class_Properties_Training", "Class_Properties_Training.csproj", "{F1A1ABDE-1AF0-4BF2-A1DA-C90C354B423E}"
EndProject
Global
	GlobalSection(SolutionConfigurationPlatforms) = preSolution
		Debug|Any CPU = Debug|Any CPU
		Release|Any CPU = Release|Any CPU
	EndGlobalSection
	GlobalSection(ProjectConfigurationPlatforms) = postSolution
		{F1A1ABDE-1AF0-4BF2-A1DA-C90C354B423E}.Debug|Any CPU.ActiveCfg = Debug|Any CPU
		{F1A1ABDE-1AF0-4BF2-A1DA-C90C354B423E}.Debug|Any CPU.Build.0 = Debug|Any CPU
		{F1A1ABDE-1AF0-4BF2-A1DA-C90C354B423E}.Release|Any CPU.ActiveCfg = Release|Any CPU
		{F1A1ABDE-1AF0-4BF2-A1DA-C90C354B423E}.Release|Any CPU.Build.0 = Release|Any CPU
	EndGlobalSection
	GlobalSection(SolutionProperties) = preSolution
		HideSolutionNode = FALSE
	EndGlobalSection
	GlobalSection(ExtensibilityGlobals) = postSolution
		SolutionGuid = {08653B86-4297-4046-A089-F5F3EDFDBA56}
	EndGlobalSection
EndGlobal
