
Microsoft Visual Studio Solution File, Format Version 12.00
# Visual Studio 15
VisualStudioVersion = 15.0.27130.2024
MinimumVisualStudioVersion = 10.0.40219.1
Project("{9A19103F-16F7-4668-BE54-9A1E7A4F7556}") = "CSharpTutorial", "CSharpTutorial\CSharpTutorial.csproj", "{7325F942-9F39-4DD6-A31C-F0FDD7B82280}"
EndProject
Global
	GlobalSection(SolutionConfigurationPlatforms) = preSolution
		Debug|Any CPU = Debug|Any CPU
		Debug|ARM = Debug|ARM
		Debug|x64 = Debug|x64
		Debug|x86 = Debug|x86
		Release|Any CPU = Release|Any CPU
		Release|ARM = Release|ARM
		Release|x64 = Release|x64
		Release|x86 = Release|x86
	EndGlobalSection
	GlobalSection(ProjectConfigurationPlatforms) = postSolution
		{7325F942-9F39-4DD6-A31C-F0FDD7B82280}.Debug|Any CPU.ActiveCfg = Debug|Any CPU
		{7325F942-9F39-4DD6-A31C-F0FDD7B82280}.Debug|Any CPU.Build.0 = Debug|Any CPU
		{7325F942-9F39-4DD6-A31C-F0FDD7B82280}.Debug|ARM.ActiveCfg = Debug|Any CPU
		{7325F942-9F39-4DD6-A31C-F0FDD7B82280}.Debug|ARM.Build.0 = Debug|Any CPU
		{7325F942-9F39-4DD6-A31C-F0FDD7B82280}.Debug|x64.ActiveCfg = Debug|Any CPU
		{7325F942-9F39-4DD6-A31C-F0FDD7B82280}.Debug|x64.Build.0 = Debug|Any CPU
		{7325F942-9F39-4DD6-A31C-F0FDD7B82280}.Debug|x86.ActiveCfg = Debug|Any CPU
		{7325F942-9F39-4DD6-A31C-F0FDD7B82280}.Debug|x86.Build.0 = Debug|Any CPU
		{7325F942-9F39-4DD6-A31C-F0FDD7B82280}.Release|Any CPU.ActiveCfg = Release|Any CPU
		{7325F942-9F39-4DD6-A31C-F0FDD7B82280}.Release|Any CPU.Build.0 = Release|Any CPU
		{7325F942-9F39-4DD6-A31C-F0FDD7B82280}.Release|ARM.ActiveCfg = Release|Any CPU
		{7325F942-9F39-4DD6-A31C-F0FDD7B82280}.Release|ARM.Build.0 = Release|Any CPU
		{7325F942-9F39-4DD6-A31C-F0FDD7B82280}.Release|x64.ActiveCfg = Release|Any CPU
		{7325F942-9F39-4DD6-A31C-F0FDD7B82280}.Release|x64.Build.0 = Release|Any CPU
		{7325F942-9F39-4DD6-A31C-F0FDD7B82280}.Release|x86.ActiveCfg = Release|Any CPU
		{7325F942-9F39-4DD6-A31C-F0FDD7B82280}.Release|x86.Build.0 = Release|Any CPU
	EndGlobalSection
	GlobalSection(SolutionProperties) = preSolution
		HideSolutionNode = FALSE
	EndGlobalSection
	GlobalSection(ExtensibilityGlobals) = postSolution
		SolutionGuid = {454628D8-8443-4B3D-A168-9F84DE4E1729}
	EndGlobalSection
EndGlobal
